// !$*UTF8*$!
{
	archiveVersion = 1;
	classes = {
	};
	objectVersion = 46;
	objects = {

/* Begin PBXBuildFile section */
		CA79A75C1605111300FBF56C /* SystemConfiguration.framework in Frameworks */ = {isa = PBXBuildFile; fileRef = CA79A75B1605111300FBF56C /* SystemConfiguration.framework */; };
		CA9D92DC1606D59100F2F728 /* bg2.png in Resources */ = {isa = PBXBuildFile; fileRef = CA9D92D21606D59100F2F728 /* bg2.png */; };
		CA9D92DD1606D59100F2F728 /* bg2@2x.png in Resources */ = {isa = PBXBuildFile; fileRef = CA9D92D31606D59100F2F728 /* bg2@2x.png */; };
		CA9D92DE1606D59100F2F728 /* noalbum.png in Resources */ = {isa = PBXBuildFile; fileRef = CA9D92D41606D59100F2F728 /* noalbum.png */; };
		CA9D92DF1606D59100F2F728 /* noalbum@2x.png in Resources */ = {isa = PBXBuildFile; fileRef = CA9D92D51606D59100F2F728 /* noalbum@2x.png */; };
		CA9D92E01606D59100F2F728 /* nonretina.png in Resources */ = {isa = PBXBuildFile; fileRef = CA9D92D61606D59100F2F728 /* nonretina.png */; };
		CA9D92E11606D59100F2F728 /* retina.png in Resources */ = {isa = PBXBuildFile; fileRef = CA9D92D71606D59100F2F728 /* retina.png */; };
		CA9D92E21606D59100F2F728 /* second.png in Resources */ = {isa = PBXBuildFile; fileRef = CA9D92D81606D59100F2F728 /* second.png */; };
		CA9D92E31606D59100F2F728 /* second@2x.png in Resources */ = {isa = PBXBuildFile; fileRef = CA9D92D91606D59100F2F728 /* second@2x.png */; };
		CA9D92E41606D59100F2F728 /* wifi.png in Resources */ = {isa = PBXBuildFile; fileRef = CA9D92DA1606D59100F2F728 /* wifi.png */; };
		CA9D92E51606D59100F2F728 /* wifi@2x.png in Resources */ = {isa = PBXBuildFile; fileRef = CA9D92DB1606D59100F2F728 /* wifi@2x.png */; };
		CAAE229B1616B0A300198146 /* Default-568h@2x.png in Resources */ = {isa = PBXBuildFile; fileRef = CAAE229A1616B0A300198146 /* Default-568h@2x.png */; };
		CAAE229E1616B0EA00198146 /* bg2-568h@2x.png in Resources */ = {isa = PBXBuildFile; fileRef = CAAE229D1616B0EA00198146 /* bg2-568h@2x.png */; };
		CAAE22A01616E88F00198146 /* bg2-568h.png in Resources */ = {isa = PBXBuildFile; fileRef = CAAE229F1616E88F00198146 /* bg2-568h.png */; };
		CABD328216041C3200B828DC /* UIKit.framework in Frameworks */ = {isa = PBXBuildFile; fileRef = CABD328116041C3200B828DC /* UIKit.framework */; };
		CABD328416041C3300B828DC /* Foundation.framework in Frameworks */ = {isa = PBXBuildFile; fileRef = CABD328316041C3200B828DC /* Foundation.framework */; };
		CABD328616041C3300B828DC /* CoreGraphics.framework in Frameworks */ = {isa = PBXBuildFile; fileRef = CABD328516041C3300B828DC /* CoreGraphics.framework */; };
		CABD328C16041C3300B828DC /* InfoPlist.strings in Resources */ = {isa = PBXBuildFile; fileRef = CABD328A16041C3300B828DC /* InfoPlist.strings */; };
		CABD328E16041C3300B828DC /* main.m in Sources */ = {isa = PBXBuildFile; fileRef = CABD328D16041C3300B828DC /* main.m */; };
		CABD329216041C3300B828DC /* KRAppDelegate.m in Sources */ = {isa = PBXBuildFile; fileRef = CABD329116041C3300B828DC /* KRAppDelegate.m */; };
		CABD329516041C3300B828DC /* MainStoryboard.storyboard in Resources */ = {isa = PBXBuildFile; fileRef = CABD329316041C3300B828DC /* MainStoryboard.storyboard */; };
		CABD329816041C3300B828DC /* KRNowPlayingController.m in Sources */ = {isa = PBXBuildFile; fileRef = CABD329716041C3300B828DC /* KRNowPlayingController.m */; };
		CABD329F16041C3300B828DC /* KRSecondViewController.m in Sources */ = {isa = PBXBuildFile; fileRef = CABD329E16041C3300B828DC /* KRSecondViewController.m */; };
		CABD32B5160420A900B828DC /* MediaPlayer.framework in Frameworks */ = {isa = PBXBuildFile; fileRef = CABD32B4160420A900B828DC /* MediaPlayer.framework */; };
		CABD32B7160420AE00B828DC /* AudioToolbox.framework in Frameworks */ = {isa = PBXBuildFile; fileRef = CABD32B6160420AE00B828DC /* AudioToolbox.framework */; };
		CABD32B9160420B300B828DC /* CFNetwork.framework in Frameworks */ = {isa = PBXBuildFile; fileRef = CABD32B8160420B300B828DC /* CFNetwork.framework */; };
		CABD32BB1604214600B828DC /* QuartzCore.framework in Frameworks */ = {isa = PBXBuildFile; fileRef = CABD32BA1604214600B828DC /* QuartzCore.framework */; };
		CAC707A31606EB6800222C3C /* AudioStreamer.m in Sources */ = {isa = PBXBuildFile; fileRef = CA9D92E71606D59F00F2F728 /* AudioStreamer.m */; settings = {COMPILER_FLAGS = "-fno-objc-arc"; }; };
		CAC707A41606EB6800222C3C /* JSONKit.m in Sources */ = {isa = PBXBuildFile; fileRef = CA9D92E91606D59F00F2F728 /* JSONKit.m */; settings = {COMPILER_FLAGS = "-fno-objc-arc"; }; };
		CAC707A51606EB6800222C3C /* Reachability.m in Sources */ = {isa = PBXBuildFile; fileRef = CA9D92EB1606D59F00F2F728 /* Reachability.m */; settings = {COMPILER_FLAGS = "-fno-objc-arc"; }; };
		CAC707A61606EB6800222C3C /* UIDevice+Hardware.m in Sources */ = {isa = PBXBuildFile; fileRef = CA9D92ED1606D59F00F2F728 /* UIDevice+Hardware.m */; settings = {COMPILER_FLAGS = "-fno-objc-arc"; }; };
		CAC707A91606EDEC00222C3C /* Default.png in Resources */ = {isa = PBXBuildFile; fileRef = CAC707A81606EDEC00222C3C /* Default.png */; };
		CAC707AB1606EDEE00222C3C /* Default@2x.png in Resources */ = {isa = PBXBuildFile; fileRef = CAC707AA1606EDED00222C3C /* Default@2x.png */; };
/* End PBXBuildFile section */

/* Begin PBXFileReference section */
		CA79A75B1605111300FBF56C /* SystemConfiguration.framework */ = {isa = PBXFileReference; lastKnownFileType = wrapper.framework; name = SystemConfiguration.framework; path = System/Library/Frameworks/SystemConfiguration.framework; sourceTree = SDKROOT; };
		CA9D92D21606D59100F2F728 /* bg2.png */ = {isa = PBXFileReference; lastKnownFileType = image.png; name = bg2.png; path = Images/bg2.png; sourceTree = "<group>"; };
		CA9D92D31606D59100F2F728 /* bg2@2x.png */ = {isa = PBXFileReference; lastKnownFileType = image.png; name = "bg2@2x.png"; path = "Images/bg2@2x.png"; sourceTree = "<group>"; };
		CA9D92D41606D59100F2F728 /* noalbum.png */ = {isa = PBXFileReference; lastKnownFileType = image.png; name = noalbum.png; path = Images/noalbum.png; sourceTree = "<group>"; };
		CA9D92D51606D59100F2F728 /* noalbum@2x.png */ = {isa = PBXFileReference; lastKnownFileType = image.png; name = "noalbum@2x.png"; path = "Images/noalbum@2x.png"; sourceTree = "<group>"; };
		CA9D92D61606D59100F2F728 /* nonretina.png */ = {isa = PBXFileReference; lastKnownFileType = image.png; name = nonretina.png; path = Images/nonretina.png; sourceTree = "<group>"; };
		CA9D92D71606D59100F2F728 /* retina.png */ = {isa = PBXFileReference; lastKnownFileType = image.png; name = retina.png; path = Images/retina.png; sourceTree = "<group>"; };
		CA9D92D81606D59100F2F728 /* second.png */ = {isa = PBXFileReference; lastKnownFileType = image.png; name = second.png; path = Images/second.png; sourceTree = "<group>"; };
		CA9D92D91606D59100F2F728 /* second@2x.png */ = {isa = PBXFileReference; lastKnownFileType = image.png; name = "second@2x.png"; path = "Images/second@2x.png"; sourceTree = "<group>"; };
		CA9D92DA1606D59100F2F728 /* wifi.png */ = {isa = PBXFileReference; lastKnownFileType = image.png; name = wifi.png; path = Images/wifi.png; sourceTree = "<group>"; };
		CA9D92DB1606D59100F2F728 /* wifi@2x.png */ = {isa = PBXFileReference; lastKnownFileType = image.png; name = "wifi@2x.png"; path = "Images/wifi@2x.png"; sourceTree = "<group>"; };
		CA9D92E61606D59F00F2F728 /* AudioStreamer.h */ = {isa = PBXFileReference; lastKnownFileType = sourcecode.c.h; name = AudioStreamer.h; path = ../OpenSource/AudioStreamer.h; sourceTree = "<group>"; };
		CA9D92E71606D59F00F2F728 /* AudioStreamer.m */ = {isa = PBXFileReference; lastKnownFileType = sourcecode.c.objc; name = AudioStreamer.m; path = ../OpenSource/AudioStreamer.m; sourceTree = "<group>"; };
		CA9D92E81606D59F00F2F728 /* JSONKit.h */ = {isa = PBXFileReference; lastKnownFileType = sourcecode.c.h; name = JSONKit.h; path = ../OpenSource/JSONKit.h; sourceTree = "<group>"; };
		CA9D92E91606D59F00F2F728 /* JSONKit.m */ = {isa = PBXFileReference; lastKnownFileType = sourcecode.c.objc; name = JSONKit.m; path = ../OpenSource/JSONKit.m; sourceTree = "<group>"; };
		CA9D92EA1606D59F00F2F728 /* Reachability.h */ = {isa = PBXFileReference; lastKnownFileType = sourcecode.c.h; name = Reachability.h; path = ../OpenSource/Reachability.h; sourceTree = "<group>"; };
		CA9D92EB1606D59F00F2F728 /* Reachability.m */ = {isa = PBXFileReference; lastKnownFileType = sourcecode.c.objc; name = Reachability.m; path = ../OpenSource/Reachability.m; sourceTree = "<group>"; };
		CA9D92EC1606D59F00F2F728 /* UIDevice+Hardware.h */ = {isa = PBXFileReference; lastKnownFileType = sourcecode.c.h; name = "UIDevice+Hardware.h"; path = "../OpenSource/UIDevice+Hardware.h"; sourceTree = "<group>"; };
		CA9D92ED1606D59F00F2F728 /* UIDevice+Hardware.m */ = {isa = PBXFileReference; lastKnownFileType = sourcecode.c.objc; name = "UIDevice+Hardware.m"; path = "../OpenSource/UIDevice+Hardware.m"; sourceTree = "<group>"; };
		CAAE229A1616B0A300198146 /* Default-568h@2x.png */ = {isa = PBXFileReference; lastKnownFileType = image.png; path = "Default-568h@2x.png"; sourceTree = "<group>"; };
		CAAE229D1616B0EA00198146 /* bg2-568h@2x.png */ = {isa = PBXFileReference; lastKnownFileType = image.png; name = "bg2-568h@2x.png"; path = "Images/bg2-568h@2x.png"; sourceTree = "<group>"; };
		CAAE229F1616E88F00198146 /* bg2-568h.png */ = {isa = PBXFileReference; lastKnownFileType = image.png; name = "bg2-568h.png"; path = "Images/bg2-568h.png"; sourceTree = "<group>"; };
		CABD327D16041C3200B828DC /* KLIK Radio.app */ = {isa = PBXFileReference; explicitFileType = wrapper.application; includeInIndex = 0; path = "KLIK Radio.app"; sourceTree = BUILT_PRODUCTS_DIR; };
		CABD328116041C3200B828DC /* UIKit.framework */ = {isa = PBXFileReference; lastKnownFileType = wrapper.framework; name = UIKit.framework; path = System/Library/Frameworks/UIKit.framework; sourceTree = SDKROOT; };
		CABD328316041C3200B828DC /* Foundation.framework */ = {isa = PBXFileReference; lastKnownFileType = wrapper.framework; name = Foundation.framework; path = System/Library/Frameworks/Foundation.framework; sourceTree = SDKROOT; };
		CABD328516041C3300B828DC /* CoreGraphics.framework */ = {isa = PBXFileReference; lastKnownFileType = wrapper.framework; name = CoreGraphics.framework; path = System/Library/Frameworks/CoreGraphics.framework; sourceTree = SDKROOT; };
		CABD328916041C3300B828DC /* KLIK Radio-Info.plist */ = {isa = PBXFileReference; lastKnownFileType = text.plist.xml; path = "KLIK Radio-Info.plist"; sourceTree = "<group>"; };
		CABD328B16041C3300B828DC /* en */ = {isa = PBXFileReference; lastKnownFileType = text.plist.strings; name = en; path = en.lproj/InfoPlist.strings; sourceTree = "<group>"; };
		CABD328D16041C3300B828DC /* main.m */ = {isa = PBXFileReference; lastKnownFileType = sourcecode.c.objc; path = main.m; sourceTree = "<group>"; };
		CABD328F16041C3300B828DC /* KLIK Radio-Prefix.pch */ = {isa = PBXFileReference; lastKnownFileType = sourcecode.c.h; path = "KLIK Radio-Prefix.pch"; sourceTree = "<group>"; };
		CABD329016041C3300B828DC /* KRAppDelegate.h */ = {isa = PBXFileReference; lastKnownFileType = sourcecode.c.h; path = KRAppDelegate.h; sourceTree = "<group>"; };
		CABD329116041C3300B828DC /* KRAppDelegate.m */ = {isa = PBXFileReference; lastKnownFileType = sourcecode.c.objc; path = KRAppDelegate.m; sourceTree = "<group>"; };
		CABD329416041C3300B828DC /* en */ = {isa = PBXFileReference; lastKnownFileType = file.storyboard; name = en; path = en.lproj/MainStoryboard.storyboard; sourceTree = "<group>"; };
		CABD329616041C3300B828DC /* KRNowPlayingController.h */ = {isa = PBXFileReference; lastKnownFileType = sourcecode.c.h; path = KRNowPlayingController.h; sourceTree = "<group>"; };
		CABD329716041C3300B828DC /* KRNowPlayingController.m */ = {isa = PBXFileReference; lastKnownFileType = sourcecode.c.objc; path = KRNowPlayingController.m; sourceTree = "<group>"; };
		CABD329D16041C3300B828DC /* KRSecondViewController.h */ = {isa = PBXFileReference; lastKnownFileType = sourcecode.c.h; path = KRSecondViewController.h; sourceTree = "<group>"; };
		CABD329E16041C3300B828DC /* KRSecondViewController.m */ = {isa = PBXFileReference; lastKnownFileType = sourcecode.c.objc; path = KRSecondViewController.m; sourceTree = "<group>"; };
		CABD32B4160420A900B828DC /* MediaPlayer.framework */ = {isa = PBXFileReference; lastKnownFileType = wrapper.framework; name = MediaPlayer.framework; path = System/Library/Frameworks/MediaPlayer.framework; sourceTree = SDKROOT; };
		CABD32B6160420AE00B828DC /* AudioToolbox.framework */ = {isa = PBXFileReference; lastKnownFileType = wrapper.framework; name = AudioToolbox.framework; path = System/Library/Frameworks/AudioToolbox.framework; sourceTree = SDKROOT; };
		CABD32B8160420B300B828DC /* CFNetwork.framework */ = {isa = PBXFileReference; lastKnownFileType = wrapper.framework; name = CFNetwork.framework; path = System/Library/Frameworks/CFNetwork.framework; sourceTree = SDKROOT; };
		CABD32BA1604214600B828DC /* QuartzCore.framework */ = {isa = PBXFileReference; lastKnownFileType = wrapper.framework; name = QuartzCore.framework; path = System/Library/Frameworks/QuartzCore.framework; sourceTree = SDKROOT; };
		CAC707A81606EDEC00222C3C /* Default.png */ = {isa = PBXFileReference; lastKnownFileType = image.png; path = Default.png; sourceTree = "<group>"; };
		CAC707AA1606EDED00222C3C /* Default@2x.png */ = {isa = PBXFileReference; lastKnownFileType = image.png; path = "Default@2x.png"; sourceTree = "<group>"; };
/* End PBXFileReference section */

/* Begin PBXFrameworksBuildPhase section */
		CABD327A16041C3200B828DC /* Frameworks */ = {
			isa = PBXFrameworksBuildPhase;
			buildActionMask = 2147483647;
			files = (
				CA79A75C1605111300FBF56C /* SystemConfiguration.framework in Frameworks */,
				CABD32BB1604214600B828DC /* QuartzCore.framework in Frameworks */,
				CABD32B9160420B300B828DC /* CFNetwork.framework in Frameworks */,
				CABD32B7160420AE00B828DC /* AudioToolbox.framework in Frameworks */,
				CABD32B5160420A900B828DC /* MediaPlayer.framework in Frameworks */,
				CABD328216041C3200B828DC /* UIKit.framework in Frameworks */,
				CABD328416041C3300B828DC /* Foundation.framework in Frameworks */,
				CABD328616041C3300B828DC /* CoreGraphics.framework in Frameworks */,
			);
			runOnlyForDeploymentPostprocessing = 0;
		};
/* End PBXFrameworksBuildPhase section */

/* Begin PBXGroup section */
		CAB7945A160578260027AA6B /* Images */ = {
			isa = PBXGroup;
			children = (
				CAAE229F1616E88F00198146 /* bg2-568h.png */,
				CAAE229D1616B0EA00198146 /* bg2-568h@2x.png */,
				CA9D92D21606D59100F2F728 /* bg2.png */,
				CA9D92D31606D59100F2F728 /* bg2@2x.png */,
				CA9D92D41606D59100F2F728 /* noalbum.png */,
				CA9D92D51606D59100F2F728 /* noalbum@2x.png */,
				CA9D92D61606D59100F2F728 /* nonretina.png */,
				CA9D92D71606D59100F2F728 /* retina.png */,
				CA9D92D81606D59100F2F728 /* second.png */,
				CA9D92D91606D59100F2F728 /* second@2x.png */,
				CA9D92DA1606D59100F2F728 /* wifi.png */,
				CA9D92DB1606D59100F2F728 /* wifi@2x.png */,
			);
			name = Images;
			sourceTree = "<group>";
		};
		CABD327216041C3200B828DC = {
			isa = PBXGroup;
			children = (
				CAAE229A1616B0A300198146 /* Default-568h@2x.png */,
				CAC707AA1606EDED00222C3C /* Default@2x.png */,
				CAC707A81606EDEC00222C3C /* Default.png */,
				CAC707A71606EBA400222C3C /* Open Source */,
				CAB7945A160578260027AA6B /* Images */,
				CABD328716041C3300B828DC /* KLIK Radio */,
				CABD328016041C3200B828DC /* Frameworks */,
				CABD327E16041C3200B828DC /* Products */,
			);
			sourceTree = "<group>";
		};
		CABD327E16041C3200B828DC /* Products */ = {
			isa = PBXGroup;
			children = (
				CABD327D16041C3200B828DC /* KLIK Radio.app */,
			);
			name = Products;
			sourceTree = "<group>";
		};
		CABD328016041C3200B828DC /* Frameworks */ = {
			isa = PBXGroup;
			children = (
				CA79A75B1605111300FBF56C /* SystemConfiguration.framework */,
				CABD32BA1604214600B828DC /* QuartzCore.framework */,
				CABD32B8160420B300B828DC /* CFNetwork.framework */,
				CABD32B6160420AE00B828DC /* AudioToolbox.framework */,
				CABD32B4160420A900B828DC /* MediaPlayer.framework */,
				CABD328116041C3200B828DC /* UIKit.framework */,
				CABD328316041C3200B828DC /* Foundation.framework */,
				CABD328516041C3300B828DC /* CoreGraphics.framework */,
			);
			name = Frameworks;
			sourceTree = "<group>";
		};
		CABD328716041C3300B828DC /* KLIK Radio */ = {
			isa = PBXGroup;
			children = (
				CABD329016041C3300B828DC /* KRAppDelegate.h */,
				CABD329116041C3300B828DC /* KRAppDelegate.m */,
				CABD329316041C3300B828DC /* MainStoryboard.storyboard */,
				CABD329616041C3300B828DC /* KRNowPlayingController.h */,
				CABD329716041C3300B828DC /* KRNowPlayingController.m */,
				CABD329D16041C3300B828DC /* KRSecondViewController.h */,
				CABD329E16041C3300B828DC /* KRSecondViewController.m */,
				CABD328816041C3300B828DC /* Supporting Files */,
			);
			path = "KLIK Radio";
			sourceTree = "<group>";
		};
		CABD328816041C3300B828DC /* Supporting Files */ = {
			isa = PBXGroup;
			children = (
				CABD328916041C3300B828DC /* KLIK Radio-Info.plist */,
				CABD328A16041C3300B828DC /* InfoPlist.strings */,
				CABD328D16041C3300B828DC /* main.m */,
				CABD328F16041C3300B828DC /* KLIK Radio-Prefix.pch */,
			);
			name = "Supporting Files";
			sourceTree = "<group>";
		};
		CAC707A71606EBA400222C3C /* Open Source */ = {
			isa = PBXGroup;
			children = (
				CA9D92E61606D59F00F2F728 /* AudioStreamer.h */,
				CA9D92E71606D59F00F2F728 /* AudioStreamer.m */,
				CA9D92E81606D59F00F2F728 /* JSONKit.h */,
				CA9D92E91606D59F00F2F728 /* JSONKit.m */,
				CA9D92EA1606D59F00F2F728 /* Reachability.h */,
				CA9D92EB1606D59F00F2F728 /* Reachability.m */,
				CA9D92EC1606D59F00F2F728 /* UIDevice+Hardware.h */,
				CA9D92ED1606D59F00F2F728 /* UIDevice+Hardware.m */,
			);
			name = "Open Source";
			path = "KLIK Radio";
			sourceTree = "<group>";
		};
/* End PBXGroup section */

/* Begin PBXNativeTarget section */
		CABD327C16041C3200B828DC /* KLIK Radio */ = {
			isa = PBXNativeTarget;
			buildConfigurationList = CABD32A616041C3300B828DC /* Build configuration list for PBXNativeTarget "KLIK Radio" */;
			buildPhases = (
				CABD327916041C3200B828DC /* Sources */,
				CABD327A16041C3200B828DC /* Frameworks */,
				CABD327B16041C3200B828DC /* Resources */,
			);
			buildRules = (
			);
			dependencies = (
			);
			name = "KLIK Radio";
			productName = "KLIK Radio";
			productReference = CABD327D16041C3200B828DC /* KLIK Radio.app */;
			productType = "com.apple.product-type.application";
		};
/* End PBXNativeTarget section */

/* Begin PBXProject section */
		CABD327416041C3200B828DC /* Project object */ = {
			isa = PBXProject;
			attributes = {
				CLASSPREFIX = KR;
				LastUpgradeCheck = 0440;
				ORGANIZATIONNAME = "KLIK Radio";
			};
			buildConfigurationList = CABD327716041C3200B828DC /* Build configuration list for PBXProject "KLIK Radio" */;
			compatibilityVersion = "Xcode 3.2";
			developmentRegion = English;
			hasScannedForEncodings = 0;
			knownRegions = (
				en,
			);
			mainGroup = CABD327216041C3200B828DC;
			productRefGroup = CABD327E16041C3200B828DC /* Products */;
			projectDirPath = "";
			projectRoot = "";
			targets = (
				CABD327C16041C3200B828DC /* KLIK Radio */,
			);
		};
/* End PBXProject section */

/* Begin PBXResourcesBuildPhase section */
		CABD327B16041C3200B828DC /* Resources */ = {
			isa = PBXResourcesBuildPhase;
			buildActionMask = 2147483647;
			files = (
				CABD328C16041C3300B828DC /* InfoPlist.strings in Resources */,
				CABD329516041C3300B828DC /* MainStoryboard.storyboard in Resources */,
				CA9D92DC1606D59100F2F728 /* bg2.png in Resources */,
				CA9D92DD1606D59100F2F728 /* bg2@2x.png in Resources */,
				CA9D92DE1606D59100F2F728 /* noalbum.png in Resources */,
				CA9D92DF1606D59100F2F728 /* noalbum@2x.png in Resources */,
				CA9D92E01606D59100F2F728 /* nonretina.png in Resources */,
				CA9D92E11606D59100F2F728 /* retina.png in Resources */,
				CA9D92E21606D59100F2F728 /* second.png in Resources */,
				CA9D92E31606D59100F2F728 /* second@2x.png in Resources */,
				CA9D92E41606D59100F2F728 /* wifi.png in Resources */,
				CA9D92E51606D59100F2F728 /* wifi@2x.png in Resources */,
				CAC707A91606EDEC00222C3C /* Default.png in Resources */,
				CAC707AB1606EDEE00222C3C /* Default@2x.png in Resources */,
				CAAE229B1616B0A300198146 /* Default-568h@2x.png in Resources */,
				CAAE229E1616B0EA00198146 /* bg2-568h@2x.png in Resources */,
				CAAE22A01616E88F00198146 /* bg2-568h.png in Resources */,
			);
			runOnlyForDeploymentPostprocessing = 0;
		};
/* End PBXResourcesBuildPhase section */

/* Begin PBXSourcesBuildPhase section */
		CABD327916041C3200B828DC /* Sources */ = {
			isa = PBXSourcesBuildPhase;
			buildActionMask = 2147483647;
			files = (
				CAC707A31606EB6800222C3C /* AudioStreamer.m in Sources */,
				CAC707A41606EB6800222C3C /* JSONKit.m in Sources */,
				CAC707A51606EB6800222C3C /* Reachability.m in Sources */,
				CAC707A61606EB6800222C3C /* UIDevice+Hardware.m in Sources */,
				CABD328E16041C3300B828DC /* main.m in Sources */,
				CABD329216041C3300B828DC /* KRAppDelegate.m in Sources */,
				CABD329816041C3300B828DC /* KRNowPlayingController.m in Sources */,
				CABD329F16041C3300B828DC /* KRSecondViewController.m in Sources */,
			);
			runOnlyForDeploymentPostprocessing = 0;
		};
/* End PBXSourcesBuildPhase section */

/* Begin PBXVariantGroup section */
		CABD328A16041C3300B828DC /* InfoPlist.strings */ = {
			isa = PBXVariantGroup;
			children = (
				CABD328B16041C3300B828DC /* en */,
			);
			name = InfoPlist.strings;
			sourceTree = "<group>";
		};
		CABD329316041C3300B828DC /* MainStoryboard.storyboard */ = {
			isa = PBXVariantGroup;
			children = (
				CABD329416041C3300B828DC /* en */,
			);
			name = MainStoryboard.storyboard;
			sourceTree = "<group>";
		};
/* End PBXVariantGroup section */

/* Begin XCBuildConfiguration section */
		CABD32A416041C3300B828DC /* Debug */ = {
			isa = XCBuildConfiguration;
			buildSettings = {
				ALWAYS_SEARCH_USER_PATHS = NO;
				ARCHS = "$(ARCHS_STANDARD_32_BIT)";
				CLANG_CXX_LANGUAGE_STANDARD = "gnu++0x";
				CLANG_ENABLE_OBJC_ARC = YES;
				CLANG_WARN__DUPLICATE_METHOD_MATCH = YES;
				"CODE_SIGN_IDENTITY[sdk=iphoneos*]" = "iPhone Developer";
				COPY_PHASE_STRIP = NO;
				GCC_C_LANGUAGE_STANDARD = gnu99;
				GCC_DYNAMIC_NO_PIC = NO;
				GCC_OPTIMIZATION_LEVEL = 0;
				GCC_PREPROCESSOR_DEFINITIONS = (
					"DEBUG=1",
					"$(inherited)",
				);
				GCC_SYMBOLS_PRIVATE_EXTERN = NO;
				GCC_VERSION = com.apple.compilers.llvm.clang.1_0;
				GCC_WARN_ABOUT_RETURN_TYPE = YES;
				GCC_WARN_UNINITIALIZED_AUTOS = YES;
				GCC_WARN_UNUSED_VARIABLE = YES;
				IPHONEOS_DEPLOYMENT_TARGET = 5.1;
				SDKROOT = iphoneos;
			};
			name = Debug;
		};
		CABD32A516041C3300B828DC /* Release */ = {
			isa = XCBuildConfiguration;
			buildSettings = {
				ALWAYS_SEARCH_USER_PATHS = NO;
				ARCHS = "$(ARCHS_STANDARD_32_BIT)";
				CLANG_CXX_LANGUAGE_STANDARD = "gnu++0x";
				CLANG_ENABLE_OBJC_ARC = YES;
				CLANG_WARN__DUPLICATE_METHOD_MATCH = YES;
				"CODE_SIGN_IDENTITY[sdk=iphoneos*]" = "iPhone Developer";
				COPY_PHASE_STRIP = YES;
				GCC_C_LANGUAGE_STANDARD = gnu99;
				GCC_VERSION = com.apple.compilers.llvm.clang.1_0;
				GCC_WARN_ABOUT_RETURN_TYPE = YES;
				GCC_WARN_UNINITIALIZED_AUTOS = YES;
				GCC_WARN_UNUSED_VARIABLE = YES;
				IPHONEOS_DEPLOYMENT_TARGET = 5.1;
				OTHER_CFLAGS = "-DNS_BLOCK_ASSERTIONS=1";
				SDKROOT = iphoneos;
				VALIDATE_PRODUCT = YES;
			};
			name = Release;
		};
		CABD32A716041C3300B828DC /* Debug */ = {
			isa = XCBuildConfiguration;
			buildSettings = {
				GCC_PRECOMPILE_PREFIX_HEADER = YES;
				GCC_PREFIX_HEADER = "KLIK Radio/KLIK Radio-Prefix.pch";
				INFOPLIST_FILE = "KLIK Radio/KLIK Radio-Info.plist";
				PRODUCT_NAME = "$(TARGET_NAME)";
				WRAPPER_EXTENSION = app;
			};
			name = Debug;
		};
		CABD32A816041C3300B828DC /* Release */ = {
			isa = XCBuildConfiguration;
			buildSettings = {
				GCC_PRECOMPILE_PREFIX_HEADER = YES;
				GCC_PREFIX_HEADER = "KLIK Radio/KLIK Radio-Prefix.pch";
				INFOPLIST_FILE = "KLIK Radio/KLIK Radio-Info.plist";
				PRODUCT_NAME = "$(TARGET_NAME)";
				WRAPPER_EXTENSION = app;
			};
			name = Release;
		};
/* End XCBuildConfiguration section */

/* Begin XCConfigurationList section */
		CABD327716041C3200B828DC /* Build configuration list for PBXProject "KLIK Radio" */ = {
			isa = XCConfigurationList;
			buildConfigurations = (
				CABD32A416041C3300B828DC /* Debug */,
				CABD32A516041C3300B828DC /* Release */,
			);
			defaultConfigurationIsVisible = 0;
			defaultConfigurationName = Release;
		};
		CABD32A616041C3300B828DC /* Build configuration list for PBXNativeTarget "KLIK Radio" */ = {
			isa = XCConfigurationList;
			buildConfigurations = (
				CABD32A716041C3300B828DC /* Debug */,
				CABD32A816041C3300B828DC /* Release */,
			);
			defaultConfigurationIsVisible = 0;
			defaultConfigurationName = Release;
		};
/* End XCConfigurationList section */
	};
	rootObject = CABD327416041C3200B828DC /* Project object */;
}
